
Microsoft Visual Studio Solution File, Format Version 12.00
# Visual Studio Version 17
VisualStudioVersion = 17.5.33530.505
MinimumVisualStudioVersion = 10.0.40219.1
Project("{FAE04EC0-301F-11D3-BF4B-00C04F79EFBC}") = "Tic-Tac-Toe", "Tic-Tac-Toe.csproj", "{C9DCE9DF-26A9-440A-B7E6-97496AF486F1}"
EndProject
Global
	GlobalSection(SolutionConfigurationPlatforms) = preSolution
		Debug|Any CPU = Debug|Any CPU
		Release|Any CPU = Release|Any CPU
	EndGlobalSection
	GlobalSection(ProjectConfigurationPlatforms) = postSolution
		{C9DCE9DF-26A9-440A-B7E6-97496AF486F1}.Debug|Any CPU.ActiveCfg = Debug|Any CPU
		{C9DCE9DF-26A9-440A-B7E6-97496AF486F1}.Debug|Any CPU.Build.0 = Debug|Any CPU
		{C9DCE9DF-26A9-440A-B7E6-97496AF486F1}.Release|Any CPU.ActiveCfg = Release|Any CPU
		{C9DCE9DF-26A9-440A-B7E6-97496AF486F1}.Release|Any CPU.Build.0 = Release|Any CPU
	EndGlobalSection
	GlobalSection(SolutionProperties) = preSolution
		HideSolutionNode = FALSE
	EndGlobalSection
	GlobalSection(ExtensibilityGlobals) = postSolution
		SolutionGuid = {EFD862B7-547F-4602-80CD-729BF2D81E84}
	EndGlobalSection
EndGlobal
